// !$*UTF8*$!
{
	archiveVersion = 1;
	classes = {
	};
	objectVersion = 46;
	objects = {

/* Begin PBXBuildFile section */
		DAC677CC1B32569200E57473 /* AppDelegate.swift in Sources */ = {isa = PBXBuildFile; fileRef = DAC677CB1B32569200E57473 /* AppDelegate.swift */; };
		DAC677CE1B32569200E57473 /* ViewController.swift in Sources */ = {isa = PBXBuildFile; fileRef = DAC677CD1B32569200E57473 /* ViewController.swift */; };
		DAC677D11B32569200E57473 /* Main.storyboard in Resources */ = {isa = PBXBuildFile; fileRef = DAC677CF1B32569200E57473 /* Main.storyboard */; };
		DAC677D31B32569200E57473 /* Images.xcassets in Resources */ = {isa = PBXBuildFile; fileRef = DAC677D21B32569200E57473 /* Images.xcassets */; };
		DAC677D61B32569200E57473 /* LaunchScreen.xib in Resources */ = {isa = PBXBuildFile; fileRef = DAC677D41B32569200E57473 /* LaunchScreen.xib */; };
		DAC677EC1B32A1FF00E57473 /* Classes.swift in Sources */ = {isa = PBXBuildFile; fileRef = DAC677EB1B32A1FF00E57473 /* Classes.swift */; };
		DAC677EF1B32B17100E57473 /* Note.png in Resources */ = {isa = PBXBuildFile; fileRef = DAC677EE1B32B17100E57473 /* Note.png */; };
		DAC677F11B32B2D600E57473 /* Config.txt in Resources */ = {isa = PBXBuildFile; fileRef = DAC677F01B32B2D600E57473 /* Config.txt */; };
/* End PBXBuildFile section */

/* Begin PBXFileReference section */
		DAC677C61B32569200E57473 /* MP3Player.app */ = {isa = PBXFileReference; explicitFileType = wrapper.application; includeInIndex = 0; path = MP3Player.app; sourceTree = BUILT_PRODUCTS_DIR; };
		DAC677CA1B32569200E57473 /* Info.plist */ = {isa = PBXFileReference; lastKnownFileType = text.plist.xml; path = Info.plist; sourceTree = "<group>"; };
		DAC677CB1B32569200E57473 /* AppDelegate.swift */ = {isa = PBXFileReference; lastKnownFileType = sourcecode.swift; path = AppDelegate.swift; sourceTree = "<group>"; };
		DAC677CD1B32569200E57473 /* ViewController.swift */ = {isa = PBXFileReference; lastKnownFileType = sourcecode.swift; path = ViewController.swift; sourceTree = "<group>"; };
		DAC677D01B32569200E57473 /* Base */ = {isa = PBXFileReference; lastKnownFileType = file.storyboard; name = Base; path = Base.lproj/Main.storyboard; sourceTree = "<group>"; };
		DAC677D21B32569200E57473 /* Images.xcassets */ = {isa = PBXFileReference; lastKnownFileType = folder.assetcatalog; path = Images.xcassets; sourceTree = "<group>"; };
		DAC677D51B32569200E57473 /* Base */ = {isa = PBXFileReference; lastKnownFileType = file.xib; name = Base; path = Base.lproj/LaunchScreen.xib; sourceTree = "<group>"; };
		DAC677EB1B32A1FF00E57473 /* Classes.swift */ = {isa = PBXFileReference; fileEncoding = 4; lastKnownFileType = sourcecode.swift; path = Classes.swift; sourceTree = "<group>"; };
		DAC677EE1B32B17100E57473 /* Note.png */ = {isa = PBXFileReference; lastKnownFileType = image.png; path = Note.png; sourceTree = "<group>"; };
		DAC677F01B32B2D600E57473 /* Config.txt */ = {isa = PBXFileReference; fileEncoding = 4; lastKnownFileType = text; path = Config.txt; sourceTree = "<group>"; };
/* End PBXFileReference section */

/* Begin PBXFrameworksBuildPhase section */
		DAC677C31B32569200E57473 /* Frameworks */ = {
			isa = PBXFrameworksBuildPhase;
			buildActionMask = 2147483647;
			files = (
			);
			runOnlyForDeploymentPostprocessing = 0;
		};
/* End PBXFrameworksBuildPhase section */

/* Begin PBXGroup section */
		DAC677BD1B32569200E57473 = {
			isa = PBXGroup;
			children = (
				DAC677C81B32569200E57473 /* MP3Player */,
				DAC677C71B32569200E57473 /* Products */,
			);
			sourceTree = "<group>";
		};
		DAC677C71B32569200E57473 /* Products */ = {
			isa = PBXGroup;
			children = (
				DAC677C61B32569200E57473 /* MP3Player.app */,
			);
			name = Products;
			sourceTree = "<group>";
		};
		DAC677C81B32569200E57473 /* MP3Player */ = {
			isa = PBXGroup;
			children = (
				DAC677CB1B32569200E57473 /* AppDelegate.swift */,
				DAC677CD1B32569200E57473 /* ViewController.swift */,
				DAC677EB1B32A1FF00E57473 /* Classes.swift */,
				DAC677CF1B32569200E57473 /* Main.storyboard */,
				DAC677D21B32569200E57473 /* Images.xcassets */,
				DAC677D41B32569200E57473 /* LaunchScreen.xib */,
				DAC677ED1B32B10B00E57473 /* Resources */,
				DAC677C91B32569200E57473 /* Supporting Files */,
			);
			path = MP3Player;
			sourceTree = "<group>";
		};
		DAC677C91B32569200E57473 /* Supporting Files */ = {
			isa = PBXGroup;
			children = (
				DAC677CA1B32569200E57473 /* Info.plist */,
			);
			name = "Supporting Files";
			sourceTree = "<group>";
		};
		DAC677ED1B32B10B00E57473 /* Resources */ = {
			isa = PBXGroup;
			children = (
				DAC677F01B32B2D600E57473 /* Config.txt */,
				DAC677EE1B32B17100E57473 /* Note.png */,
			);
			name = Resources;
			sourceTree = "<group>";
		};
/* End PBXGroup section */

/* Begin PBXNativeTarget section */
		DAC677C51B32569200E57473 /* MP3Player */ = {
			isa = PBXNativeTarget;
			buildConfigurationList = DAC677E51B32569200E57473 /* Build configuration list for PBXNativeTarget "MP3Player" */;
			buildPhases = (
				DAC677C21B32569200E57473 /* Sources */,
				DAC677C31B32569200E57473 /* Frameworks */,
				DAC677C41B32569200E57473 /* Resources */,
			);
			buildRules = (
			);
			dependencies = (
			);
			name = MP3Player;
			productName = MP3Player;
			productReference = DAC677C61B32569200E57473 /* MP3Player.app */;
			productType = "com.apple.product-type.application";
		};
/* End PBXNativeTarget section */

/* Begin PBXProject section */
		DAC677BE1B32569200E57473 /* Project object */ = {
			isa = PBXProject;
			attributes = {
				LastUpgradeCheck = 0630;
				ORGANIZATIONNAME = yurirom;
				TargetAttributes = {
					DAC677C51B32569200E57473 = {
						CreatedOnToolsVersion = 6.3.2;
						DevelopmentTeam = XKXWN9C2LN;
					};
				};
			};
			buildConfigurationList = DAC677C11B32569200E57473 /* Build configuration list for PBXProject "MP3Player" */;
			compatibilityVersion = "Xcode 3.2";
			developmentRegion = English;
			hasScannedForEncodings = 0;
			knownRegions = (
				en,
				Base,
			);
			mainGroup = DAC677BD1B32569200E57473;
			productRefGroup = DAC677C71B32569200E57473 /* Products */;
			projectDirPath = "";
			projectRoot = "";
			targets = (
				DAC677C51B32569200E57473 /* MP3Player */,
			);
		};
/* End PBXProject section */

/* Begin PBXResourcesBuildPhase section */
		DAC677C41B32569200E57473 /* Resources */ = {
			isa = PBXResourcesBuildPhase;
			buildActionMask = 2147483647;
			files = (
				DAC677D11B32569200E57473 /* Main.storyboard in Resources */,
				DAC677D61B32569200E57473 /* LaunchScreen.xib in Resources */,
				DAC677D31B32569200E57473 /* Images.xcassets in Resources */,
				DAC677F11B32B2D600E57473 /* Config.txt in Resources */,
				DAC677EF1B32B17100E57473 /* Note.png in Resources */,
			);
			runOnlyForDeploymentPostprocessing = 0;
		};
/* End PBXResourcesBuildPhase section */

/* Begin PBXSourcesBuildPhase section */
		DAC677C21B32569200E57473 /* Sources */ = {
			isa = PBXSourcesBuildPhase;
			buildActionMask = 2147483647;
			files = (
				DAC677CE1B32569200E57473 /* ViewController.swift in Sources */,
				DAC677CC1B32569200E57473 /* AppDelegate.swift in Sources */,
				DAC677EC1B32A1FF00E57473 /* Classes.swift in Sources */,
			);
			runOnlyForDeploymentPostprocessing = 0;
		};
/* End PBXSourcesBuildPhase section */

/* Begin PBXVariantGroup section */
		DAC677CF1B32569200E57473 /* Main.storyboard */ = {
			isa = PBXVariantGroup;
			children = (
				DAC677D01B32569200E57473 /* Base */,
			);
			name = Main.storyboard;
			sourceTree = "<group>";
		};
		DAC677D41B32569200E57473 /* LaunchScreen.xib */ = {
			isa = PBXVariantGroup;
			children = (
				DAC677D51B32569200E57473 /* Base */,
			);
			name = LaunchScreen.xib;
			sourceTree = "<group>";
		};
/* End PBXVariantGroup section */

/* Begin XCBuildConfiguration section */
		DAC677E31B32569200E57473 /* Debug */ = {
			isa = XCBuildConfiguration;
			buildSettings = {
				ALWAYS_SEARCH_USER_PATHS = NO;
				CLANG_CXX_LANGUAGE_STANDARD = "gnu++0x";
				CLANG_CXX_LIBRARY = "libc++";
				CLANG_ENABLE_MODULES = YES;
				CLANG_ENABLE_OBJC_ARC = YES;
				CLANG_WARN_BOOL_CONVERSION = YES;
				CLANG_WARN_CONSTANT_CONVERSION = YES;
				CLANG_WARN_DIRECT_OBJC_ISA_USAGE = YES_ERROR;
				CLANG_WARN_EMPTY_BODY = YES;
				CLANG_WARN_ENUM_CONVERSION = YES;
				CLANG_WARN_INT_CONVERSION = YES;
				CLANG_WARN_OBJC_ROOT_CLASS = YES_ERROR;
				CLANG_WARN_UNREACHABLE_CODE = YES;
				CLANG_WARN__DUPLICATE_METHOD_MATCH = YES;
				"CODE_SIGN_IDENTITY[sdk=iphoneos*]" = "iPhone Developer";
				COPY_PHASE_STRIP = NO;
				DEBUG_INFORMATION_FORMAT = "dwarf-with-dsym";
				ENABLE_STRICT_OBJC_MSGSEND = YES;
				GCC_C_LANGUAGE_STANDARD = gnu99;
				GCC_DYNAMIC_NO_PIC = NO;
				GCC_NO_COMMON_BLOCKS = YES;
				GCC_OPTIMIZATION_LEVEL = 0;
				GCC_PREPROCESSOR_DEFINITIONS = (
					"DEBUG=1",
					"$(inherited)",
				);
				GCC_SYMBOLS_PRIVATE_EXTERN = NO;
				GCC_WARN_64_TO_32_BIT_CONVERSION = YES;
				GCC_WARN_ABOUT_RETURN_TYPE = YES_ERROR;
				GCC_WARN_UNDECLARED_SELECTOR = YES;
				GCC_WARN_UNINITIALIZED_AUTOS = YES_AGGRESSIVE;
				GCC_WARN_UNUSED_FUNCTION = YES;
				GCC_WARN_UNUSED_VARIABLE = YES;
				IPHONEOS_DEPLOYMENT_TARGET = 8.3;
				MTL_ENABLE_DEBUG_INFO = YES;
				ONLY_ACTIVE_ARCH = YES;
				SDKROOT = iphoneos;
				SWIFT_OPTIMIZATION_LEVEL = "-Onone";
				TARGETED_DEVICE_FAMILY = "1,2";
			};
			name = Debug;
		};
		DAC677E41B32569200E57473 /* Release */ = {
			isa = XCBuildConfiguration;
			buildSettings = {
				ALWAYS_SEARCH_USER_PATHS = NO;
				CLANG_CXX_LANGUAGE_STANDARD = "gnu++0x";
				CLANG_CXX_LIBRARY = "libc++";
				CLANG_ENABLE_MODULES = YES;
				CLANG_ENABLE_OBJC_ARC = YES;
				CLANG_WARN_BOOL_CONVERSION = YES;
				CLANG_WARN_CONSTANT_CONVERSION = YES;
				CLANG_WARN_DIRECT_OBJC_ISA_USAGE = YES_ERROR;
				CLANG_WARN_EMPTY_BODY = YES;
				CLANG_WARN_ENUM_CONVERSION = YES;
				CLANG_WARN_INT_CONVERSION = YES;
				CLANG_WARN_OBJC_ROOT_CLASS = YES_ERROR;
				CLANG_WARN_UNREACHABLE_CODE = YES;
				CLANG_WARN__DUPLICATE_METHOD_MATCH = YES;
				"CODE_SIGN_IDENTITY[sdk=iphoneos*]" = "iPhone Developer";
				COPY_PHASE_STRIP = NO;
				DEBUG_INFORMATION_FORMAT = "dwarf-with-dsym";
				ENABLE_NS_ASSERTIONS = NO;
				ENABLE_STRICT_OBJC_MSGSEND = YES;
				GCC_C_LANGUAGE_STANDARD = gnu99;
				GCC_NO_COMMON_BLOCKS = YES;
				GCC_WARN_64_TO_32_BIT_CONVERSION = YES;
				GCC_WARN_ABOUT_RETURN_TYPE = YES_ERROR;
				GCC_WARN_UNDECLARED_SELECTOR = YES;
				GCC_WARN_UNINITIALIZED_AUTOS = YES_AGGRESSIVE;
				GCC_WARN_UNUSED_FUNCTION = YES;
				GCC_WARN_UNUSED_VARIABLE = YES;
				IPHONEOS_DEPLOYMENT_TARGET = 8.3;
				MTL_ENABLE_DEBUG_INFO = NO;
				SDKROOT = iphoneos;
				TARGETED_DEVICE_FAMILY = "1,2";
				VALIDATE_PRODUCT = YES;
			};
			name = Release;
		};
		DAC677E61B32569200E57473 /* Debug */ = {
			isa = XCBuildConfiguration;
			buildSettings = {
				ASSETCATALOG_COMPILER_APPICON_NAME = AppIcon;
				CODE_SIGN_IDENTITY = "iPhone Developer";
				INFOPLIST_FILE = MP3Player/Info.plist;
				LD_RUNPATH_SEARCH_PATHS = "$(inherited) @executable_path/Frameworks";
				PRODUCT_NAME = "$(TARGET_NAME)";
			};
			name = Debug;
		};
		DAC677E71B32569200E57473 /* Release */ = {
			isa = XCBuildConfiguration;
			buildSettings = {
				ASSETCATALOG_COMPILER_APPICON_NAME = AppIcon;
				CODE_SIGN_IDENTITY = "iPhone Developer";
				INFOPLIST_FILE = MP3Player/Info.plist;
				LD_RUNPATH_SEARCH_PATHS = "$(inherited) @executable_path/Frameworks";
				PRODUCT_NAME = "$(TARGET_NAME)";
			};
			name = Release;
		};
/* End XCBuildConfiguration section */

/* Begin XCConfigurationList section */
		DAC677C11B32569200E57473 /* Build configuration list for PBXProject "MP3Player" */ = {
			isa = XCConfigurationList;
			buildConfigurations = (
				DAC677E31B32569200E57473 /* Debug */,
				DAC677E41B32569200E57473 /* Release */,
			);
			defaultConfigurationIsVisible = 0;
			defaultConfigurationName = Release;
		};
		DAC677E51B32569200E57473 /* Build configuration list for PBXNativeTarget "MP3Player" */ = {
			isa = XCConfigurationList;
			buildConfigurations = (
				DAC677E61B32569200E57473 /* Debug */,
				DAC677E71B32569200E57473 /* Release */,
			);
			defaultConfigurationIsVisible = 0;
			defaultConfigurationName = Release;
		};
/* End XCConfigurationList section */
	};
	rootObject = DAC677BE1B32569200E57473 /* Project object */;
}
